
Microsoft Visual Studio Solution File, Format Version 12.00
# Visual Studio Version 17
VisualStudioVersion = 17.7.34031.279
MinimumVisualStudioVersion = 10.0.40219.1
Project("{FAE04EC0-301F-11D3-BF4B-00C04F79EFBC}") = "Esercizi", "Esercizi.csproj", "{F9CC2E2B-0AC7-40B1-BA59-25251E9BA499}"
EndProject
Global
	GlobalSection(SolutionConfigurationPlatforms) = preSolution
		Debug|Any CPU = Debug|Any CPU
		Release|Any CPU = Release|Any CPU
	EndGlobalSection
	GlobalSection(ProjectConfigurationPlatforms) = postSolution
		{F9CC2E2B-0AC7-40B1-BA59-25251E9BA499}.Debug|Any CPU.ActiveCfg = Debug|Any CPU
		{F9CC2E2B-0AC7-40B1-BA59-25251E9BA499}.Debug|Any CPU.Build.0 = Debug|Any CPU
		{F9CC2E2B-0AC7-40B1-BA59-25251E9BA499}.Release|Any CPU.ActiveCfg = Release|Any CPU
		{F9CC2E2B-0AC7-40B1-BA59-25251E9BA499}.Release|Any CPU.Build.0 = Release|Any CPU
	EndGlobalSection
	GlobalSection(SolutionProperties) = preSolution
		HideSolutionNode = FALSE
	EndGlobalSection
	GlobalSection(ExtensibilityGlobals) = postSolution
		SolutionGuid = {472CE99B-6B17-46A6-AD3E-BC3EB0D91B9A}
	EndGlobalSection
EndGlobal
